
Microsoft Visual Studio Solution File, Format Version 12.00
# Visual Studio Version 17
VisualStudioVersion = 17.14.36203.30 d17.14
MinimumVisualStudioVersion = 10.0.40219.1
Project("{FAE04EC0-301F-11D3-BF4B-00C04F79EFBC}") = "CSharpExercises", "CSharpExercises\CSharpExercises.csproj", "{9B2E5573-CF54-4835-A9A6-6C2318A5E074}"
EndProject
Global
	GlobalSection(SolutionConfigurationPlatforms) = preSolution
		Debug|Any CPU = Debug|Any CPU
		Release|Any CPU = Release|Any CPU
	EndGlobalSection
	GlobalSection(ProjectConfigurationPlatforms) = postSolution
		{9B2E5573-CF54-4835-A9A6-6C2318A5E074}.Debug|Any CPU.ActiveCfg = Debug|Any CPU
		{9B2E5573-CF54-4835-A9A6-6C2318A5E074}.Debug|Any CPU.Build.0 = Debug|Any CPU
		{9B2E5573-CF54-4835-A9A6-6C2318A5E074}.Release|Any CPU.ActiveCfg = Release|Any CPU
		{9B2E5573-CF54-4835-A9A6-6C2318A5E074}.Release|Any CPU.Build.0 = Release|Any CPU
	EndGlobalSection
	GlobalSection(SolutionProperties) = preSolution
		HideSolutionNode = FALSE
	EndGlobalSection
	GlobalSection(ExtensibilityGlobals) = postSolution
		SolutionGuid = {3328718C-B883-4CFC-8827-C1A8E8F9994F}
	EndGlobalSection
EndGlobal
